
Microsoft Visual Studio Solution File, Format Version 12.00
# Visual Studio Version 16
VisualStudioVersion = 16.0.30907.101
MinimumVisualStudioVersion = 10.0.40219.1
Project("{FAE04EC0-301F-11D3-BF4B-00C04F79EFBC}") = "Pokemon-XD-GUI", "Pokemon-XD-Tool\Pokemon-XD-GUI.csproj", "{C8D16CAC-5278-44AA-A5F3-2AD2FF72E9EC}"
EndProject
Project("{FAE04EC0-301F-11D3-BF4B-00C04F79EFBC}") = "Pokemon-XD-Common", "Pokemon-XD-Common\Pokemon-XD-Common.csproj", "{62176DD4-EB69-4C24-8D06-B31116566B8B}"
EndProject
Global
	GlobalSection(SolutionConfigurationPlatforms) = preSolution
		Debug|Any CPU = Debug|Any CPU
		Release|Any CPU = Release|Any CPU
	EndGlobalSection
	GlobalSection(ProjectConfigurationPlatforms) = postSolution
		{C8D16CAC-5278-44AA-A5F3-2AD2FF72E9EC}.Debug|Any CPU.ActiveCfg = Debug|Any CPU
		{C8D16CAC-5278-44AA-A5F3-2AD2FF72E9EC}.Debug|Any CPU.Build.0 = Debug|Any CPU
		{C8D16CAC-5278-44AA-A5F3-2AD2FF72E9EC}.Release|Any CPU.ActiveCfg = Release|Any CPU
		{C8D16CAC-5278-44AA-A5F3-2AD2FF72E9EC}.Release|Any CPU.Build.0 = Release|Any CPU
		{62176DD4-EB69-4C24-8D06-B31116566B8B}.Debug|Any CPU.ActiveCfg = Debug|Any CPU
		{62176DD4-EB69-4C24-8D06-B31116566B8B}.Debug|Any CPU.Build.0 = Debug|Any CPU
		{62176DD4-EB69-4C24-8D06-B31116566B8B}.Release|Any CPU.ActiveCfg = Release|Any CPU
		{62176DD4-EB69-4C24-8D06-B31116566B8B}.Release|Any CPU.Build.0 = Release|Any CPU
	EndGlobalSection
	GlobalSection(SolutionProperties) = preSolution
		HideSolutionNode = FALSE
	EndGlobalSection
	GlobalSection(ExtensibilityGlobals) = postSolution
		SolutionGuid = {3B489B9C-026E-4D81-87FF-AFCEF5D0BB7A}
	EndGlobalSection
EndGlobal
