
Microsoft Visual Studio Solution File, Format Version 12.00
# Visual Studio Version 16
VisualStudioVersion = 16.0.30907.101
MinimumVisualStudioVersion = 10.0.40219.1
Project("{9A19103F-16F7-4668-BE54-9A1E7A4F7556}") = "Randomizer", "Pokemon-XD-Tool\Randomizer.csproj", "{C8D16CAC-5278-44AA-A5F3-2AD2FF72E9EC}"
EndProject
Project("{9A19103F-16F7-4668-BE54-9A1E7A4F7556}") = "Common", "Pokemon-XD-Common\Common.csproj", "{62176DD4-EB69-4C24-8D06-B31116566B8B}"
EndProject
Project("{9A19103F-16F7-4668-BE54-9A1E7A4F7556}") = "CLI", "CLITool\CLI.csproj", "{477C9D10-DF62-4D1D-B90A-C5F7B7E83D2B}"
EndProject
Project("{FAE04EC0-301F-11D3-BF4B-00C04F79EFBC}") = "AutoUpdater", "AutoUpdater\AutoUpdater.csproj", "{4C1A64FA-8183-47F3-86B6-1E0798008C81}"
EndProject
Global
	GlobalSection(SolutionConfigurationPlatforms) = preSolution
		Debug|Any CPU = Debug|Any CPU
		Release|Any CPU = Release|Any CPU
	EndGlobalSection
	GlobalSection(ProjectConfigurationPlatforms) = postSolution
		{C8D16CAC-5278-44AA-A5F3-2AD2FF72E9EC}.Debug|Any CPU.ActiveCfg = Debug|Any CPU
		{C8D16CAC-5278-44AA-A5F3-2AD2FF72E9EC}.Debug|Any CPU.Build.0 = Debug|Any CPU
		{C8D16CAC-5278-44AA-A5F3-2AD2FF72E9EC}.Release|Any CPU.ActiveCfg = Release|Any CPU
		{C8D16CAC-5278-44AA-A5F3-2AD2FF72E9EC}.Release|Any CPU.Build.0 = Release|Any CPU
		{62176DD4-EB69-4C24-8D06-B31116566B8B}.Debug|Any CPU.ActiveCfg = Debug|Any CPU
		{62176DD4-EB69-4C24-8D06-B31116566B8B}.Debug|Any CPU.Build.0 = Debug|Any CPU
		{62176DD4-EB69-4C24-8D06-B31116566B8B}.Release|Any CPU.ActiveCfg = Release|Any CPU
		{62176DD4-EB69-4C24-8D06-B31116566B8B}.Release|Any CPU.Build.0 = Release|Any CPU
		{477C9D10-DF62-4D1D-B90A-C5F7B7E83D2B}.Debug|Any CPU.ActiveCfg = Debug|Any CPU
		{477C9D10-DF62-4D1D-B90A-C5F7B7E83D2B}.Debug|Any CPU.Build.0 = Debug|Any CPU
		{477C9D10-DF62-4D1D-B90A-C5F7B7E83D2B}.Release|Any CPU.ActiveCfg = Release|Any CPU
		{477C9D10-DF62-4D1D-B90A-C5F7B7E83D2B}.Release|Any CPU.Build.0 = Release|Any CPU
		{4C1A64FA-8183-47F3-86B6-1E0798008C81}.Debug|Any CPU.ActiveCfg = Debug|Any CPU
		{4C1A64FA-8183-47F3-86B6-1E0798008C81}.Debug|Any CPU.Build.0 = Debug|Any CPU
		{4C1A64FA-8183-47F3-86B6-1E0798008C81}.Release|Any CPU.ActiveCfg = Release|Any CPU
		{4C1A64FA-8183-47F3-86B6-1E0798008C81}.Release|Any CPU.Build.0 = Release|Any CPU
	EndGlobalSection
	GlobalSection(SolutionProperties) = preSolution
		HideSolutionNode = FALSE
	EndGlobalSection
	GlobalSection(ExtensibilityGlobals) = postSolution
		SolutionGuid = {3B489B9C-026E-4D81-87FF-AFCEF5D0BB7A}
	EndGlobalSection
EndGlobal
