
Microsoft Visual Studio Solution File, Format Version 12.00
# Visual Studio Version 17
VisualStudioVersion = 17.9.34622.214
MinimumVisualStudioVersion = 10.0.40219.1
Project("{9A19103F-16F7-4668-BE54-9A1E7A4F7556}") = "AutoUpdater", "AutoUpdater\AutoUpdater.csproj", "{4C1A64FA-8183-47F3-86B6-1E0798008C81}"
EndProject
Project("{9A19103F-16F7-4668-BE54-9A1E7A4F7556}") = "Common", "Common\Common.csproj", "{92862599-EE92-422A-A9B3-BA4158EBCDDE}"
EndProject
Project("{9A19103F-16F7-4668-BE54-9A1E7A4F7556}") = "Randomizer", "Randomizer\Randomizer.csproj", "{11C0141C-D0D2-4A1A-9883-F01FD0B5F96D}"
EndProject
Project("{9A19103F-16F7-4668-BE54-9A1E7A4F7556}") = "RandomizerTests", "RandomizerTests\RandomizerTests.csproj", "{27E67294-AD46-4EFD-9A7F-9DE41D731503}"
EndProject
Project("{FAE04EC0-301F-11D3-BF4B-00C04F79EFBC}") = "RandomizerCLI", "RandomizerCLI\RandomizerCLI.csproj", "{3F748170-8375-4B7C-8FE7-7BF2E3A7433E}"
EndProject
Global
	GlobalSection(SolutionConfigurationPlatforms) = preSolution
		Debug|Any CPU = Debug|Any CPU
		Release|Any CPU = Release|Any CPU
	EndGlobalSection
	GlobalSection(ProjectConfigurationPlatforms) = postSolution
		{4C1A64FA-8183-47F3-86B6-1E0798008C81}.Debug|Any CPU.ActiveCfg = Debug|Any CPU
		{4C1A64FA-8183-47F3-86B6-1E0798008C81}.Debug|Any CPU.Build.0 = Debug|Any CPU
		{4C1A64FA-8183-47F3-86B6-1E0798008C81}.Release|Any CPU.ActiveCfg = Release|Any CPU
		{4C1A64FA-8183-47F3-86B6-1E0798008C81}.Release|Any CPU.Build.0 = Release|Any CPU
		{92862599-EE92-422A-A9B3-BA4158EBCDDE}.Debug|Any CPU.ActiveCfg = Debug|Any CPU
		{92862599-EE92-422A-A9B3-BA4158EBCDDE}.Debug|Any CPU.Build.0 = Debug|Any CPU
		{92862599-EE92-422A-A9B3-BA4158EBCDDE}.Release|Any CPU.ActiveCfg = Release|Any CPU
		{92862599-EE92-422A-A9B3-BA4158EBCDDE}.Release|Any CPU.Build.0 = Release|Any CPU
		{11C0141C-D0D2-4A1A-9883-F01FD0B5F96D}.Debug|Any CPU.ActiveCfg = Debug|Any CPU
		{11C0141C-D0D2-4A1A-9883-F01FD0B5F96D}.Debug|Any CPU.Build.0 = Debug|Any CPU
		{11C0141C-D0D2-4A1A-9883-F01FD0B5F96D}.Release|Any CPU.ActiveCfg = Release|Any CPU
		{11C0141C-D0D2-4A1A-9883-F01FD0B5F96D}.Release|Any CPU.Build.0 = Release|Any CPU
		{27E67294-AD46-4EFD-9A7F-9DE41D731503}.Debug|Any CPU.ActiveCfg = Debug|Any CPU
		{27E67294-AD46-4EFD-9A7F-9DE41D731503}.Debug|Any CPU.Build.0 = Debug|Any CPU
		{27E67294-AD46-4EFD-9A7F-9DE41D731503}.Release|Any CPU.ActiveCfg = Release|Any CPU
		{27E67294-AD46-4EFD-9A7F-9DE41D731503}.Release|Any CPU.Build.0 = Release|Any CPU
		{3F748170-8375-4B7C-8FE7-7BF2E3A7433E}.Debug|Any CPU.ActiveCfg = Debug|Any CPU
		{3F748170-8375-4B7C-8FE7-7BF2E3A7433E}.Debug|Any CPU.Build.0 = Debug|Any CPU
		{3F748170-8375-4B7C-8FE7-7BF2E3A7433E}.Release|Any CPU.ActiveCfg = Release|Any CPU
		{3F748170-8375-4B7C-8FE7-7BF2E3A7433E}.Release|Any CPU.Build.0 = Release|Any CPU
	EndGlobalSection
	GlobalSection(SolutionProperties) = preSolution
		HideSolutionNode = FALSE
	EndGlobalSection
	GlobalSection(ExtensibilityGlobals) = postSolution
		SolutionGuid = {3B489B9C-026E-4D81-87FF-AFCEF5D0BB7A}
	EndGlobalSection
EndGlobal
